
Microsoft Visual Studio Solution File, Format Version 12.00
# Visual Studio Version 17
VisualStudioVersion = 17.4.33213.308
MinimumVisualStudioVersion = 10.0.40219.1
Project("{9A19103F-16F7-4668-BE54-9A1E7A4F7556}") = "USB-data-logger", "USB-data-logger\USB-data-logger.csproj", "{F34AC328-D6CA-4F8C-90A4-872670465281}"
EndProject
Project("{9A19103F-16F7-4668-BE54-9A1E7A4F7556}") = "USB-data-logger.Test", "USB-data-logger.Test\USB-data-logger.Test.csproj", "{86F1BFFD-0699-4220-8234-352D5CAB8D7E}"
EndProject
Global
	GlobalSection(SolutionConfigurationPlatforms) = preSolution
		Debug|Any CPU = Debug|Any CPU
		Release|Any CPU = Release|Any CPU
	EndGlobalSection
	GlobalSection(ProjectConfigurationPlatforms) = postSolution
		{F34AC328-D6CA-4F8C-90A4-872670465281}.Debug|Any CPU.ActiveCfg = Debug|Any CPU
		{F34AC328-D6CA-4F8C-90A4-872670465281}.Debug|Any CPU.Build.0 = Debug|Any CPU
		{F34AC328-D6CA-4F8C-90A4-872670465281}.Release|Any CPU.ActiveCfg = Release|Any CPU
		{F34AC328-D6CA-4F8C-90A4-872670465281}.Release|Any CPU.Build.0 = Release|Any CPU
		{86F1BFFD-0699-4220-8234-352D5CAB8D7E}.Debug|Any CPU.ActiveCfg = Debug|Any CPU
		{86F1BFFD-0699-4220-8234-352D5CAB8D7E}.Debug|Any CPU.Build.0 = Debug|Any CPU
		{86F1BFFD-0699-4220-8234-352D5CAB8D7E}.Release|Any CPU.ActiveCfg = Release|Any CPU
		{86F1BFFD-0699-4220-8234-352D5CAB8D7E}.Release|Any CPU.Build.0 = Release|Any CPU
	EndGlobalSection
	GlobalSection(SolutionProperties) = preSolution
		HideSolutionNode = FALSE
	EndGlobalSection
	GlobalSection(ExtensibilityGlobals) = postSolution
		SolutionGuid = {435DFE92-5830-495D-99A2-D82F20F9D2E4}
	EndGlobalSection
EndGlobal
